
Microsoft Visual Studio Solution File, Format Version 12.00
# Visual Studio Version 16
VisualStudioVersion = 16.0.30320.27
MinimumVisualStudioVersion = 10.0.40219.1
Project("{FAE04EC0-301F-11D3-BF4B-00C04F79EFBC}") = "DatabaseProject", "DatabaseProject\DatabaseProject.csproj", "{68033140-C282-44CD-AD5C-1A969E429B3C}"
EndProject
Global
	GlobalSection(SolutionConfigurationPlatforms) = preSolution
		Debug|Any CPU = Debug|Any CPU
		Release|Any CPU = Release|Any CPU
	EndGlobalSection
	GlobalSection(ProjectConfigurationPlatforms) = postSolution
		{68033140-C282-44CD-AD5C-1A969E429B3C}.Debug|Any CPU.ActiveCfg = Debug|Any CPU
		{68033140-C282-44CD-AD5C-1A969E429B3C}.Debug|Any CPU.Build.0 = Debug|Any CPU
		{68033140-C282-44CD-AD5C-1A969E429B3C}.Release|Any CPU.ActiveCfg = Release|Any CPU
		{68033140-C282-44CD-AD5C-1A969E429B3C}.Release|Any CPU.Build.0 = Release|Any CPU
	EndGlobalSection
	GlobalSection(SolutionProperties) = preSolution
		HideSolutionNode = FALSE
	EndGlobalSection
	GlobalSection(ExtensibilityGlobals) = postSolution
		SolutionGuid = {DD5C554A-E99B-4E96-8463-7133714996F4}
	EndGlobalSection
EndGlobal
